// !$*UTF8*$!
{
	archiveVersion = 1;
	classes = {
	};
	objectVersion = 50;
	objects = {

/* Begin PBXBuildFile section */
		CACAD5FA236C548A00B6FF5C /* View.swift in Sources */ = {isa = PBXBuildFile; fileRef = CACAD5F9236C548A00B6FF5C /* View.swift */; };
		CAE0AF0E236C0C5600005A58 /* AppDelegate.swift in Sources */ = {isa = PBXBuildFile; fileRef = CAE0AF0D236C0C5600005A58 /* AppDelegate.swift */; };
		CAE0AF10236C0C5600005A58 /* ViewController.swift in Sources */ = {isa = PBXBuildFile; fileRef = CAE0AF0F236C0C5600005A58 /* ViewController.swift */; };
		CAE0AF12236C0C5700005A58 /* Assets.xcassets in Resources */ = {isa = PBXBuildFile; fileRef = CAE0AF11236C0C5700005A58 /* Assets.xcassets */; };
		CAE0AF15236C0C5700005A58 /* Main.storyboard in Resources */ = {isa = PBXBuildFile; fileRef = CAE0AF13236C0C5700005A58 /* Main.storyboard */; };
/* End PBXBuildFile section */

/* Begin PBXFileReference section */
		CACAD5F9236C548A00B6FF5C /* View.swift */ = {isa = PBXFileReference; lastKnownFileType = sourcecode.swift; path = View.swift; sourceTree = "<group>"; };
		CAE0AF0A236C0C5600005A58 /* scrollview-macos.app */ = {isa = PBXFileReference; explicitFileType = wrapper.application; includeInIndex = 0; path = "scrollview-macos.app"; sourceTree = BUILT_PRODUCTS_DIR; };
		CAE0AF0D236C0C5600005A58 /* AppDelegate.swift */ = {isa = PBXFileReference; lastKnownFileType = sourcecode.swift; path = AppDelegate.swift; sourceTree = "<group>"; };
		CAE0AF0F236C0C5600005A58 /* ViewController.swift */ = {isa = PBXFileReference; lastKnownFileType = sourcecode.swift; path = ViewController.swift; sourceTree = "<group>"; };
		CAE0AF11236C0C5700005A58 /* Assets.xcassets */ = {isa = PBXFileReference; lastKnownFileType = folder.assetcatalog; path = Assets.xcassets; sourceTree = "<group>"; };
		CAE0AF14236C0C5700005A58 /* Base */ = {isa = PBXFileReference; lastKnownFileType = file.storyboard; name = Base; path = Base.lproj/Main.storyboard; sourceTree = "<group>"; };
		CAE0AF16236C0C5700005A58 /* Info.plist */ = {isa = PBXFileReference; lastKnownFileType = text.plist.xml; path = Info.plist; sourceTree = "<group>"; };
		CAE0AF17236C0C5700005A58 /* scrollview_macos.entitlements */ = {isa = PBXFileReference; lastKnownFileType = text.plist.entitlements; path = scrollview_macos.entitlements; sourceTree = "<group>"; };
/* End PBXFileReference section */

/* Begin PBXFrameworksBuildPhase section */
		CAE0AF07236C0C5600005A58 /* Frameworks */ = {
			isa = PBXFrameworksBuildPhase;
			buildActionMask = 2147483647;
			files = (
			);
			runOnlyForDeploymentPostprocessing = 0;
		};
/* End PBXFrameworksBuildPhase section */

/* Begin PBXGroup section */
		CAE0AF01236C0C5600005A58 = {
			isa = PBXGroup;
			children = (
				CAE0AF0C236C0C5600005A58 /* scrollview-macos */,
				CAE0AF0B236C0C5600005A58 /* Products */,
			);
			sourceTree = "<group>";
		};
		CAE0AF0B236C0C5600005A58 /* Products */ = {
			isa = PBXGroup;
			children = (
				CAE0AF0A236C0C5600005A58 /* scrollview-macos.app */,
			);
			name = Products;
			sourceTree = "<group>";
		};
		CAE0AF0C236C0C5600005A58 /* scrollview-macos */ = {
			isa = PBXGroup;
			children = (
				CAE0AF0D236C0C5600005A58 /* AppDelegate.swift */,
				CAE0AF0F236C0C5600005A58 /* ViewController.swift */,
				CAE0AF11236C0C5700005A58 /* Assets.xcassets */,
				CAE0AF13236C0C5700005A58 /* Main.storyboard */,
				CACAD5F9236C548A00B6FF5C /* View.swift */,
				CAE0AF16236C0C5700005A58 /* Info.plist */,
				CAE0AF17236C0C5700005A58 /* scrollview_macos.entitlements */,
			);
			path = "scrollview-macos";
			sourceTree = "<group>";
		};
/* End PBXGroup section */

/* Begin PBXNativeTarget section */
		CAE0AF09236C0C5600005A58 /* scrollview-macos */ = {
			isa = PBXNativeTarget;
			buildConfigurationList = CAE0AF1A236C0C5700005A58 /* Build configuration list for PBXNativeTarget "scrollview-macos" */;
			buildPhases = (
				CAE0AF06236C0C5600005A58 /* Sources */,
				CAE0AF07236C0C5600005A58 /* Frameworks */,
				CAE0AF08236C0C5600005A58 /* Resources */,
			);
			buildRules = (
			);
			dependencies = (
			);
			name = "scrollview-macos";
			productName = "scrollview-macos";
			productReference = CAE0AF0A236C0C5600005A58 /* scrollview-macos.app */;
			productType = "com.apple.product-type.application";
		};
/* End PBXNativeTarget section */

/* Begin PBXProject section */
		CAE0AF02236C0C5600005A58 /* Project object */ = {
			isa = PBXProject;
			attributes = {
				LastSwiftUpdateCheck = 1110;
				LastUpgradeCheck = 1110;
				ORGANIZATIONNAME = "Free Software Consultants";
				TargetAttributes = {
					CAE0AF09236C0C5600005A58 = {
						CreatedOnToolsVersion = 11.1;
					};
				};
			};
			buildConfigurationList = CAE0AF05236C0C5600005A58 /* Build configuration list for PBXProject "scrollview-macos" */;
			compatibilityVersion = "Xcode 9.3";
			developmentRegion = en;
			hasScannedForEncodings = 0;
			knownRegions = (
				en,
				Base,
			);
			mainGroup = CAE0AF01236C0C5600005A58;
			productRefGroup = CAE0AF0B236C0C5600005A58 /* Products */;
			projectDirPath = "";
			projectRoot = "";
			targets = (
				CAE0AF09236C0C5600005A58 /* scrollview-macos */,
			);
		};
/* End PBXProject section */

/* Begin PBXResourcesBuildPhase section */
		CAE0AF08236C0C5600005A58 /* Resources */ = {
			isa = PBXResourcesBuildPhase;
			buildActionMask = 2147483647;
			files = (
				CAE0AF12236C0C5700005A58 /* Assets.xcassets in Resources */,
				CAE0AF15236C0C5700005A58 /* Main.storyboard in Resources */,
			);
			runOnlyForDeploymentPostprocessing = 0;
		};
/* End PBXResourcesBuildPhase section */

/* Begin PBXSourcesBuildPhase section */
		CAE0AF06236C0C5600005A58 /* Sources */ = {
			isa = PBXSourcesBuildPhase;
			buildActionMask = 2147483647;
			files = (
				CAE0AF10236C0C5600005A58 /* ViewController.swift in Sources */,
				CAE0AF0E236C0C5600005A58 /* AppDelegate.swift in Sources */,
				CACAD5FA236C548A00B6FF5C /* View.swift in Sources */,
			);
			runOnlyForDeploymentPostprocessing = 0;
		};
/* End PBXSourcesBuildPhase section */

/* Begin PBXVariantGroup section */
		CAE0AF13236C0C5700005A58 /* Main.storyboard */ = {
			isa = PBXVariantGroup;
			children = (
				CAE0AF14236C0C5700005A58 /* Base */,
			);
			name = Main.storyboard;
			sourceTree = "<group>";
		};
/* End PBXVariantGroup section */

/* Begin XCBuildConfiguration section */
		CAE0AF18236C0C5700005A58 /* Debug */ = {
			isa = XCBuildConfiguration;
			buildSettings = {
				ALWAYS_SEARCH_USER_PATHS = NO;
				CLANG_ANALYZER_NONNULL = YES;
				CLANG_ANALYZER_NUMBER_OBJECT_CONVERSION = YES_AGGRESSIVE;
				CLANG_CXX_LANGUAGE_STANDARD = "gnu++14";
				CLANG_CXX_LIBRARY = "libc++";
				CLANG_ENABLE_MODULES = YES;
				CLANG_ENABLE_OBJC_ARC = YES;
				CLANG_ENABLE_OBJC_WEAK = YES;
				CLANG_WARN_BLOCK_CAPTURE_AUTORELEASING = YES;
				CLANG_WARN_BOOL_CONVERSION = YES;
				CLANG_WARN_COMMA = YES;
				CLANG_WARN_CONSTANT_CONVERSION = YES;
				CLANG_WARN_DEPRECATED_OBJC_IMPLEMENTATIONS = YES;
				CLANG_WARN_DIRECT_OBJC_ISA_USAGE = YES_ERROR;
				CLANG_WARN_DOCUMENTATION_COMMENTS = YES;
				CLANG_WARN_EMPTY_BODY = YES;
				CLANG_WARN_ENUM_CONVERSION = YES;
				CLANG_WARN_INFINITE_RECURSION = YES;
				CLANG_WARN_INT_CONVERSION = YES;
				CLANG_WARN_NON_LITERAL_NULL_CONVERSION = YES;
				CLANG_WARN_OBJC_IMPLICIT_RETAIN_SELF = YES;
				CLANG_WARN_OBJC_LITERAL_CONVERSION = YES;
				CLANG_WARN_OBJC_ROOT_CLASS = YES_ERROR;
				CLANG_WARN_RANGE_LOOP_ANALYSIS = YES;
				CLANG_WARN_STRICT_PROTOTYPES = YES;
				CLANG_WARN_SUSPICIOUS_MOVE = YES;
				CLANG_WARN_UNGUARDED_AVAILABILITY = YES_AGGRESSIVE;
				CLANG_WARN_UNREACHABLE_CODE = YES;
				CLANG_WARN__DUPLICATE_METHOD_MATCH = YES;
				COPY_PHASE_STRIP = NO;
				DEBUG_INFORMATION_FORMAT = dwarf;
				ENABLE_STRICT_OBJC_MSGSEND = YES;
				ENABLE_TESTABILITY = YES;
				GCC_C_LANGUAGE_STANDARD = gnu11;
				GCC_DYNAMIC_NO_PIC = NO;
				GCC_NO_COMMON_BLOCKS = YES;
				GCC_OPTIMIZATION_LEVEL = 0;
				GCC_PREPROCESSOR_DEFINITIONS = (
					"DEBUG=1",
					"$(inherited)",
				);
				GCC_WARN_64_TO_32_BIT_CONVERSION = YES;
				GCC_WARN_ABOUT_RETURN_TYPE = YES_ERROR;
				GCC_WARN_UNDECLARED_SELECTOR = YES;
				GCC_WARN_UNINITIALIZED_AUTOS = YES_AGGRESSIVE;
				GCC_WARN_UNUSED_FUNCTION = YES;
				GCC_WARN_UNUSED_VARIABLE = YES;
				MACOSX_DEPLOYMENT_TARGET = 10.15;
				MTL_ENABLE_DEBUG_INFO = INCLUDE_SOURCE;
				MTL_FAST_MATH = YES;
				ONLY_ACTIVE_ARCH = YES;
				SDKROOT = macosx;
				SWIFT_ACTIVE_COMPILATION_CONDITIONS = DEBUG;
				SWIFT_OPTIMIZATION_LEVEL = "-Onone";
			};
			name = Debug;
		};
		CAE0AF19236C0C5700005A58 /* Release */ = {
			isa = XCBuildConfiguration;
			buildSettings = {
				ALWAYS_SEARCH_USER_PATHS = NO;
				CLANG_ANALYZER_NONNULL = YES;
				CLANG_ANALYZER_NUMBER_OBJECT_CONVERSION = YES_AGGRESSIVE;
				CLANG_CXX_LANGUAGE_STANDARD = "gnu++14";
				CLANG_CXX_LIBRARY = "libc++";
				CLANG_ENABLE_MODULES = YES;
				CLANG_ENABLE_OBJC_ARC = YES;
				CLANG_ENABLE_OBJC_WEAK = YES;
				CLANG_WARN_BLOCK_CAPTURE_AUTORELEASING = YES;
				CLANG_WARN_BOOL_CONVERSION = YES;
				CLANG_WARN_COMMA = YES;
				CLANG_WARN_CONSTANT_CONVERSION = YES;
				CLANG_WARN_DEPRECATED_OBJC_IMPLEMENTATIONS = YES;
				CLANG_WARN_DIRECT_OBJC_ISA_USAGE = YES_ERROR;
				CLANG_WARN_DOCUMENTATION_COMMENTS = YES;
				CLANG_WARN_EMPTY_BODY = YES;
				CLANG_WARN_ENUM_CONVERSION = YES;
				CLANG_WARN_INFINITE_RECURSION = YES;
				CLANG_WARN_INT_CONVERSION = YES;
				CLANG_WARN_NON_LITERAL_NULL_CONVERSION = YES;
				CLANG_WARN_OBJC_IMPLICIT_RETAIN_SELF = YES;
				CLANG_WARN_OBJC_LITERAL_CONVERSION = YES;
				CLANG_WARN_OBJC_ROOT_CLASS = YES_ERROR;
				CLANG_WARN_RANGE_LOOP_ANALYSIS = YES;
				CLANG_WARN_STRICT_PROTOTYPES = YES;
				CLANG_WARN_SUSPICIOUS_MOVE = YES;
				CLANG_WARN_UNGUARDED_AVAILABILITY = YES_AGGRESSIVE;
				CLANG_WARN_UNREACHABLE_CODE = YES;
				CLANG_WARN__DUPLICATE_METHOD_MATCH = YES;
				COPY_PHASE_STRIP = NO;
				DEBUG_INFORMATION_FORMAT = "dwarf-with-dsym";
				ENABLE_NS_ASSERTIONS = NO;
				ENABLE_STRICT_OBJC_MSGSEND = YES;
				GCC_C_LANGUAGE_STANDARD = gnu11;
				GCC_NO_COMMON_BLOCKS = YES;
				GCC_WARN_64_TO_32_BIT_CONVERSION = YES;
				GCC_WARN_ABOUT_RETURN_TYPE = YES_ERROR;
				GCC_WARN_UNDECLARED_SELECTOR = YES;
				GCC_WARN_UNINITIALIZED_AUTOS = YES_AGGRESSIVE;
				GCC_WARN_UNUSED_FUNCTION = YES;
				GCC_WARN_UNUSED_VARIABLE = YES;
				MACOSX_DEPLOYMENT_TARGET = 10.15;
				MTL_ENABLE_DEBUG_INFO = NO;
				MTL_FAST_MATH = YES;
				SDKROOT = macosx;
				SWIFT_COMPILATION_MODE = wholemodule;
				SWIFT_OPTIMIZATION_LEVEL = "-O";
			};
			name = Release;
		};
		CAE0AF1B236C0C5700005A58 /* Debug */ = {
			isa = XCBuildConfiguration;
			buildSettings = {
				ASSETCATALOG_COMPILER_APPICON_NAME = AppIcon;
				CODE_SIGN_ENTITLEMENTS = "scrollview-macos/scrollview_macos.entitlements";
				CODE_SIGN_STYLE = Automatic;
				COMBINE_HIDPI_IMAGES = YES;
				DEVELOPMENT_TEAM = L37WFUB5MH;
				ENABLE_HARDENED_RUNTIME = YES;
				INFOPLIST_FILE = "scrollview-macos/Info.plist";
				LD_RUNPATH_SEARCH_PATHS = (
					"$(inherited)",
					"@executable_path/../Frameworks",
				);
				PRODUCT_BUNDLE_IDENTIFIER = "nl.freesoftwareconsultants.scrollview-macos";
				PRODUCT_NAME = "$(TARGET_NAME)";
				SWIFT_VERSION = 5.0;
			};
			name = Debug;
		};
		CAE0AF1C236C0C5700005A58 /* Release */ = {
			isa = XCBuildConfiguration;
			buildSettings = {
				ASSETCATALOG_COMPILER_APPICON_NAME = AppIcon;
				CODE_SIGN_ENTITLEMENTS = "scrollview-macos/scrollview_macos.entitlements";
				CODE_SIGN_STYLE = Automatic;
				COMBINE_HIDPI_IMAGES = YES;
				DEVELOPMENT_TEAM = L37WFUB5MH;
				ENABLE_HARDENED_RUNTIME = YES;
				INFOPLIST_FILE = "scrollview-macos/Info.plist";
				LD_RUNPATH_SEARCH_PATHS = (
					"$(inherited)",
					"@executable_path/../Frameworks",
				);
				PRODUCT_BUNDLE_IDENTIFIER = "nl.freesoftwareconsultants.scrollview-macos";
				PRODUCT_NAME = "$(TARGET_NAME)";
				SWIFT_VERSION = 5.0;
			};
			name = Release;
		};
/* End XCBuildConfiguration section */

/* Begin XCConfigurationList section */
		CAE0AF05236C0C5600005A58 /* Build configuration list for PBXProject "scrollview-macos" */ = {
			isa = XCConfigurationList;
			buildConfigurations = (
				CAE0AF18236C0C5700005A58 /* Debug */,
				CAE0AF19236C0C5700005A58 /* Release */,
			);
			defaultConfigurationIsVisible = 0;
			defaultConfigurationName = Release;
		};
		CAE0AF1A236C0C5700005A58 /* Build configuration list for PBXNativeTarget "scrollview-macos" */ = {
			isa = XCConfigurationList;
			buildConfigurations = (
				CAE0AF1B236C0C5700005A58 /* Debug */,
				CAE0AF1C236C0C5700005A58 /* Release */,
			);
			defaultConfigurationIsVisible = 0;
			defaultConfigurationName = Release;
		};
/* End XCConfigurationList section */
	};
	rootObject = CAE0AF02236C0C5600005A58 /* Project object */;
}
