// !$*UTF8*$!
{
	archiveVersion = 1;
	classes = {
	};
	objectVersion = 46;
	objects = {

/* Begin PBXFileReference section */
		CA0B46F82023498A00966B19 /* linux */ = {isa = PBXFileReference; lastKnownFileType = folder; path = linux; sourceTree = "<group>"; };
		CA0E92A2220F1D92007A52C3 /* webkit2gtk */ = {isa = PBXFileReference; lastKnownFileType = folder; path = webkit2gtk; sourceTree = "<group>"; };
		CA0F08D31E5DFE30008F91C3 /* index.html */ = {isa = PBXFileReference; lastKnownFileType = text.html; path = index.html; sourceTree = "<group>"; };
		CA0F08D41E5DFE30008F91C3 /* players.html */ = {isa = PBXFileReference; lastKnownFileType = text.html; path = players.html; sourceTree = "<group>"; };
		CA0F08D51E5DFE30008F91C3 /* stylesheet.css */ = {isa = PBXFileReference; lastKnownFileType = text.css; path = stylesheet.css; sourceTree = "<group>"; };
		CA0F08D71E5DFE30008F91C3 /* index.html */ = {isa = PBXFileReference; lastKnownFileType = text.html; path = index.html; sourceTree = "<group>"; };
		CA0F08D81E5DFE30008F91C3 /* stylesheet.css */ = {isa = PBXFileReference; lastKnownFileType = text.css; path = stylesheet.css; sourceTree = "<group>"; };
		CA0F08DA1E5DFE30008F91C3 /* editone.html */ = {isa = PBXFileReference; lastKnownFileType = text.html; path = editone.html; sourceTree = "<group>"; };
		CA0F08DB1E5DFE30008F91C3 /* index.html */ = {isa = PBXFileReference; lastKnownFileType = text.html; path = index.html; sourceTree = "<group>"; };
		CA0F08DC1E5DFE30008F91C3 /* index.js */ = {isa = PBXFileReference; lastKnownFileType = sourcecode.javascript; path = index.js; sourceTree = "<group>"; };
		CA0F08DD1E5DFE30008F91C3 /* jquery.min.js */ = {isa = PBXFileReference; lastKnownFileType = sourcecode.javascript; path = jquery.min.js; sourceTree = "<group>"; };
		CA0F08DE1E5DFE30008F91C3 /* resource.html */ = {isa = PBXFileReference; lastKnownFileType = text.html; path = resource.html; sourceTree = "<group>"; };
		CA0F08DF1E5DFE30008F91C3 /* stylesheet.css */ = {isa = PBXFileReference; lastKnownFileType = text.css; path = stylesheet.css; sourceTree = "<group>"; };
		CA0F615022342BA500BE6EEF /* fill-image */ = {isa = PBXFileReference; lastKnownFileType = folder; path = "fill-image"; sourceTree = "<group>"; };
		CA23F7C51F9CC1770030A2AE /* curl-websocket */ = {isa = PBXFileReference; lastKnownFileType = folder; path = "curl-websocket"; sourceTree = SOURCE_ROOT; };
		CA2971C122A0438900E373A4 /* intervalmap */ = {isa = PBXFileReference; lastKnownFileType = folder; path = intervalmap; sourceTree = "<group>"; };
		CA374CB9226399D600D70B55 /* python */ = {isa = PBXFileReference; lastKnownFileType = folder; path = python; sourceTree = "<group>"; };
		CA3792E21DF6FA5A008F8164 /* background.js */ = {isa = PBXFileReference; lastKnownFileType = sourcecode.javascript; path = background.js; sourceTree = "<group>"; };
		CA3792E31DF6FA5A008F8164 /* index.html */ = {isa = PBXFileReference; lastKnownFileType = text.html; path = index.html; sourceTree = "<group>"; };
		CA3792E41DF6FA5A008F8164 /* manifest.json */ = {isa = PBXFileReference; lastKnownFileType = text.json; path = manifest.json; sourceTree = "<group>"; };
		CA386E9A1E7B1873006AE4BA /* git.cpp */ = {isa = PBXFileReference; lastKnownFileType = sourcecode.cpp.cpp; path = git.cpp; sourceTree = "<group>"; };
		CA386E9B1E7B1873006AE4BA /* run */ = {isa = PBXFileReference; lastKnownFileType = text.script.sh; path = run; sourceTree = "<group>"; };
		CA3BCCB7231C146B00111FBE /* opencv */ = {isa = PBXFileReference; lastKnownFileType = folder; path = opencv; sourceTree = "<group>"; };
		CA3C9E4A1E000DF1007990B5 /* background.js */ = {isa = PBXFileReference; lastKnownFileType = sourcecode.javascript; path = background.js; sourceTree = "<group>"; };
		CA3C9E4C1E000DF1007990B5 /* index.html */ = {isa = PBXFileReference; lastKnownFileType = text.html; path = index.html; sourceTree = "<group>"; };
		CA3C9E4D1E000DF1007990B5 /* manifest.json */ = {isa = PBXFileReference; lastKnownFileType = text.json; path = manifest.json; sourceTree = "<group>"; };
		CA3DD73520DA64A500CD428E /* sortable */ = {isa = PBXFileReference; lastKnownFileType = folder; path = sortable; sourceTree = "<group>"; };
		CA53424D25B6115D008E452A /* websocket-client-1 */ = {isa = PBXFileReference; lastKnownFileType = folder; path = "websocket-client-1"; sourceTree = "<group>"; };
		CA5DD4DC277EF2F000E50FF7 /* run */ = {isa = PBXFileReference; lastKnownFileType = text; path = run; sourceTree = "<group>"; };
		CA5DD4DD277EF31D00E50FF7 /* main.h */ = {isa = PBXFileReference; lastKnownFileType = sourcecode.c.h; path = main.h; sourceTree = "<group>"; };
		CA5DD4DE277EF31D00E50FF7 /* main.cpp */ = {isa = PBXFileReference; lastKnownFileType = sourcecode.cpp.cpp; path = main.cpp; sourceTree = "<group>"; };
		CA5EB3121DDF5B0000565FA2 /* index.css */ = {isa = PBXFileReference; lastKnownFileType = text.css; path = index.css; sourceTree = "<group>"; };
		CA5EB3131DDF5B0000565FA2 /* index.html */ = {isa = PBXFileReference; lastKnownFileType = text.html; path = index.html; sourceTree = "<group>"; };
		CA5EB3141DDF5B0000565FA2 /* index.js */ = {isa = PBXFileReference; lastKnownFileType = sourcecode.javascript; path = index.js; sourceTree = "<group>"; };
		CA6C24E62595E36D00505E9A /* macos */ = {isa = PBXFileReference; lastKnownFileType = folder; path = macos; sourceTree = "<group>"; };
		CA6C8CF72269F1200067F7BE /* stm32fo-discovery */ = {isa = PBXFileReference; lastKnownFileType = folder; path = "stm32fo-discovery"; sourceTree = "<group>"; };
		CA6E11BF266D3B8200C5CBBB /* haak-bible */ = {isa = PBXFileReference; lastKnownFileType = folder; path = "haak-bible"; sourceTree = "<group>"; };
		CA6F20512621C4F5003A1F6D /* flask */ = {isa = PBXFileReference; lastKnownFileType = folder; path = flask; sourceTree = "<group>"; };
		CA741F7E1E01717B004EA723 /* index.js */ = {isa = PBXFileReference; lastKnownFileType = sourcecode.javascript; path = index.js; sourceTree = "<group>"; };
		CA741F801E017182004EA723 /* index.css */ = {isa = PBXFileReference; lastKnownFileType = text.css; path = index.css; sourceTree = "<group>"; };
		CA76BE992019FA6A00B16C72 /* miniz */ = {isa = PBXFileReference; lastKnownFileType = folder; path = miniz; sourceTree = "<group>"; };
		CA7BA6911DDCEA3C00719C36 /* index.html */ = {isa = PBXFileReference; lastKnownFileType = text.html; path = index.html; sourceTree = "<group>"; };
		CA7BA6921DDCEA3C00719C36 /* index.js */ = {isa = PBXFileReference; lastKnownFileType = sourcecode.javascript; path = index.js; sourceTree = "<group>"; };
		CA7BA6951DDCEA3C00719C36 /* styles.css */ = {isa = PBXFileReference; lastKnownFileType = text.css; path = styles.css; sourceTree = "<group>"; };
		CA7BF10B1E41E2F4008FF558 /* ReadMe.txt */ = {isa = PBXFileReference; lastKnownFileType = text; path = ReadMe.txt; sourceTree = "<group>"; };
		CA7BF10C1E41E2F4008FF558 /* stdafx.cpp */ = {isa = PBXFileReference; lastKnownFileType = sourcecode.cpp.cpp; path = stdafx.cpp; sourceTree = "<group>"; };
		CA7BF10D1E41E2F4008FF558 /* stdafx.h */ = {isa = PBXFileReference; lastKnownFileType = sourcecode.c.h; path = stdafx.h; sourceTree = "<group>"; };
		CA7BF10E1E41E2F4008FF558 /* targetver.h */ = {isa = PBXFileReference; lastKnownFileType = sourcecode.c.h; path = targetver.h; sourceTree = "<group>"; };
		CA7BF10F1E41E2F4008FF558 /* winsockclient.cpp */ = {isa = PBXFileReference; lastKnownFileType = sourcecode.cpp.cpp; path = winsockclient.cpp; sourceTree = "<group>"; };
		CA7BF1101E41E2F4008FF558 /* winsockclient.vcxproj */ = {isa = PBXFileReference; lastKnownFileType = text.xml; path = winsockclient.vcxproj; sourceTree = "<group>"; };
		CA7BF1111E41E2F4008FF558 /* winsockclient.vcxproj.filters */ = {isa = PBXFileReference; lastKnownFileType = text.xml; path = winsockclient.vcxproj.filters; sourceTree = "<group>"; };
		CA7BF1121E41E2F4008FF558 /* winsockclient.sln */ = {isa = PBXFileReference; lastKnownFileType = text; path = winsockclient.sln; sourceTree = "<group>"; };
		CA7BF1151E41E2F4008FF558 /* winsockserver.cpp */ = {isa = PBXFileReference; lastKnownFileType = sourcecode.cpp.cpp; path = winsockserver.cpp; sourceTree = "<group>"; };
		CA7BF1161E41E2F4008FF558 /* winsockserver.vcxproj */ = {isa = PBXFileReference; lastKnownFileType = text.xml; path = winsockserver.vcxproj; sourceTree = "<group>"; };
		CA7BF1171E41E2F4008FF558 /* winsockserver.vcxproj.filters */ = {isa = PBXFileReference; lastKnownFileType = text.xml; path = winsockserver.vcxproj.filters; sourceTree = "<group>"; };
		CA7BF1181E41E2F4008FF558 /* winsockserver.sln */ = {isa = PBXFileReference; lastKnownFileType = text; path = winsockserver.sln; sourceTree = "<group>"; };
		CA7D459E2631F95D003F2E12 /* libxml2 */ = {isa = PBXFileReference; lastKnownFileType = folder; path = libxml2; sourceTree = "<group>"; };
		CA830390229D85310025462E /* qt5 */ = {isa = PBXFileReference; lastKnownFileType = folder; path = qt5; sourceTree = "<group>"; };
		CA84FC412240074E00734EFE /* cobol */ = {isa = PBXFileReference; lastKnownFileType = folder; path = cobol; sourceTree = "<group>"; };
		CA87D4EF27BBB66700B64CD8 /* udp */ = {isa = PBXFileReference; lastKnownFileType = folder; path = udp; sourceTree = "<group>"; };
		CA98E2111DA8D14000F43F4B /* client4.c */ = {isa = PBXFileReference; lastKnownFileType = sourcecode.c.c; path = client4.c; sourceTree = "<group>"; };
		CA98E2121DA8D14000F43F4B /* client6.c */ = {isa = PBXFileReference; lastKnownFileType = sourcecode.c.c; path = client6.c; sourceTree = "<group>"; };
		CA98E2131DA8D14000F43F4B /* Makefile */ = {isa = PBXFileReference; lastKnownFileType = sourcecode.make; path = Makefile; sourceTree = "<group>"; };
		CA98E2141DA8D14000F43F4B /* server4.c */ = {isa = PBXFileReference; lastKnownFileType = sourcecode.c.c; path = server4.c; sourceTree = "<group>"; };
		CA98E2151DA8D14000F43F4B /* server6.c */ = {isa = PBXFileReference; lastKnownFileType = sourcecode.c.c; path = server6.c; sourceTree = "<group>"; };
		CA98E23A1DA8D14000F43F4B /* lzw.cpp */ = {isa = PBXFileReference; lastKnownFileType = sourcecode.cpp.cpp; path = lzw.cpp; sourceTree = "<group>"; };
		CA98E23B1DA8D14000F43F4B /* lzw.h */ = {isa = PBXFileReference; lastKnownFileType = sourcecode.c.h; path = lzw.h; sourceTree = "<group>"; };
		CA98E23C1DA8D14000F43F4B /* run */ = {isa = PBXFileReference; lastKnownFileType = text.script.sh; path = run; sourceTree = "<group>"; };
		CA98E23E1DA8D16200F43F4B /* random */ = {isa = PBXFileReference; lastKnownFileType = text; path = random; sourceTree = "<group>"; };
		CA98E23F1DA8D16200F43F4B /* random.cpp */ = {isa = PBXFileReference; lastKnownFileType = sourcecode.cpp.cpp; path = random.cpp; sourceTree = "<group>"; };
		CA98E2411DA8D16900F43F4B /* socket */ = {isa = PBXFileReference; lastKnownFileType = text; path = socket; sourceTree = "<group>"; };
		CA98E2421DA8D16900F43F4B /* socket.cpp */ = {isa = PBXFileReference; lastKnownFileType = sourcecode.cpp.cpp; path = socket.cpp; sourceTree = "<group>"; };
		CA98E2441DA8D17000F43F4B /* vfork */ = {isa = PBXFileReference; lastKnownFileType = text; path = vfork; sourceTree = "<group>"; };
		CA98E2451DA8D17000F43F4B /* vfork1.cpp */ = {isa = PBXFileReference; lastKnownFileType = sourcecode.cpp.cpp; path = vfork1.cpp; sourceTree = "<group>"; };
		CA9F72C2206D4ECD00250182 /* gsl */ = {isa = PBXFileReference; lastKnownFileType = folder; path = gsl; sourceTree = "<group>"; };
		CAB9F09A26B6C57A0058A461 /* usfm */ = {isa = PBXFileReference; lastKnownFileType = folder; path = usfm; sourceTree = "<group>"; };
		CABEE77A1DD5F645006D8D75 /* README.md */ = {isa = PBXFileReference; lastKnownFileType = net.daringfireball.markdown; path = README.md; sourceTree = "<group>"; };
		CABEE77C1DD5F653006D8D75 /* bubble.html */ = {isa = PBXFileReference; lastKnownFileType = text.html; path = bubble.html; sourceTree = "<group>"; };
		CABEE77D1DD5F653006D8D75 /* full.html */ = {isa = PBXFileReference; lastKnownFileType = text.html; path = full.html; sourceTree = "<group>"; };
		CABEE77E1DD5F653006D8D75 /* quill.bubble.css */ = {isa = PBXFileReference; lastKnownFileType = text.css; path = quill.bubble.css; sourceTree = "<group>"; };
		CABEE7841DD5F653006D8D75 /* quill.snow.css */ = {isa = PBXFileReference; lastKnownFileType = text.css; path = quill.snow.css; sourceTree = "<group>"; };
		CABEE7851DD5F653006D8D75 /* snow.html */ = {isa = PBXFileReference; lastKnownFileType = text.html; path = snow.html; sourceTree = "<group>"; };
		CABEE7861DD5F9EE006D8D75 /* classes.html */ = {isa = PBXFileReference; lastKnownFileType = text.html; path = classes.html; sourceTree = "<group>"; };
		CABEE7871DD60337006D8D75 /* classes.css */ = {isa = PBXFileReference; lastKnownFileType = text.css; path = classes.css; sourceTree = "<group>"; };
		CABEE7881DD6052E006D8D75 /* classes.js */ = {isa = PBXFileReference; lastKnownFileType = sourcecode.javascript; path = classes.js; sourceTree = "<group>"; };
		CAD686A01E290470007CA7FC /* index.html */ = {isa = PBXFileReference; lastKnownFileType = text.html; path = index.html; sourceTree = "<group>"; };
		CAD686A11E290470007CA7FC /* index.js */ = {isa = PBXFileReference; lastKnownFileType = sourcecode.javascript; path = index.js; sourceTree = "<group>"; };
		CAD686A41E290470007CA7FC /* styles.css */ = {isa = PBXFileReference; lastKnownFileType = text.css; path = styles.css; sourceTree = "<group>"; };
		CADBACAF25937907000527CA /* synflood */ = {isa = PBXFileReference; lastKnownFileType = folder; path = synflood; sourceTree = "<group>"; };
		CAE44BB91DE1D23C001F29D1 /* footnotes.css */ = {isa = PBXFileReference; lastKnownFileType = text.css; path = footnotes.css; sourceTree = "<group>"; };
		CAE44BBA1DE1D23C001F29D1 /* footnotes.html */ = {isa = PBXFileReference; lastKnownFileType = text.html; path = footnotes.html; sourceTree = "<group>"; };
		CAE44BBB1DE1D23C001F29D1 /* footnotes.js */ = {isa = PBXFileReference; lastKnownFileType = sourcecode.javascript; path = footnotes.js; sourceTree = "<group>"; };
		CAE92415203B04F900D84B09 /* mbedtls */ = {isa = PBXFileReference; lastKnownFileType = folder; path = mbedtls; sourceTree = "<group>"; };
		CAEE92021DA8EE1C00DB5A5A /* child.cpp */ = {isa = PBXFileReference; lastKnownFileType = sourcecode.cpp.cpp; path = child.cpp; sourceTree = "<group>"; };
		CAEE92031DA8EE1C00DB5A5A /* parent.cpp */ = {isa = PBXFileReference; lastKnownFileType = sourcecode.cpp.cpp; path = parent.cpp; sourceTree = "<group>"; };
		CAEF740722945DB900F16631 /* lambdas */ = {isa = PBXFileReference; lastKnownFileType = folder; path = lambdas; sourceTree = "<group>"; };
		CAF2844122676BD50052535E /* django */ = {isa = PBXFileReference; lastKnownFileType = folder; path = django; sourceTree = "<group>"; };
/* End PBXFileReference section */

/* Begin PBXGroup section */
		CA0F08D11E5DFE30008F91C3 /* flexbox */ = {
			isa = PBXGroup;
			children = (
				CA0F08D21E5DFE30008F91C3 /* stackoverflow1 */,
				CA0F08D61E5DFE30008F91C3 /* stackoverflow2 */,
				CA0F08D91E5DFE30008F91C3 /* workspace */,
			);
			path = flexbox;
			sourceTree = "<group>";
		};
		CA0F08D21E5DFE30008F91C3 /* stackoverflow1 */ = {
			isa = PBXGroup;
			children = (
				CA0F08D31E5DFE30008F91C3 /* index.html */,
				CA0F08D41E5DFE30008F91C3 /* players.html */,
				CA0F08D51E5DFE30008F91C3 /* stylesheet.css */,
			);
			path = stackoverflow1;
			sourceTree = "<group>";
		};
		CA0F08D61E5DFE30008F91C3 /* stackoverflow2 */ = {
			isa = PBXGroup;
			children = (
				CA0F08D71E5DFE30008F91C3 /* index.html */,
				CA0F08D81E5DFE30008F91C3 /* stylesheet.css */,
			);
			path = stackoverflow2;
			sourceTree = "<group>";
		};
		CA0F08D91E5DFE30008F91C3 /* workspace */ = {
			isa = PBXGroup;
			children = (
				CA0F08DA1E5DFE30008F91C3 /* editone.html */,
				CA0F08DB1E5DFE30008F91C3 /* index.html */,
				CA0F08DC1E5DFE30008F91C3 /* index.js */,
				CA0F08DD1E5DFE30008F91C3 /* jquery.min.js */,
				CA0F08DE1E5DFE30008F91C3 /* resource.html */,
				CA0F08DF1E5DFE30008F91C3 /* stylesheet.css */,
			);
			path = workspace;
			sourceTree = "<group>";
		};
		CA3792E11DF6FA5A008F8164 /* chrome-wakelock */ = {
			isa = PBXGroup;
			children = (
				CA3792E21DF6FA5A008F8164 /* background.js */,
				CA3792E31DF6FA5A008F8164 /* index.html */,
				CA3792E41DF6FA5A008F8164 /* manifest.json */,
			);
			path = "chrome-wakelock";
			sourceTree = "<group>";
		};
		CA386E991E7B1873006AE4BA /* git */ = {
			isa = PBXGroup;
			children = (
				CA386E9A1E7B1873006AE4BA /* git.cpp */,
				CA386E9B1E7B1873006AE4BA /* run */,
			);
			path = git;
			sourceTree = "<group>";
		};
		CA3C9E491E000DF1007990B5 /* chrome-app */ = {
			isa = PBXGroup;
			children = (
				CA3C9E4A1E000DF1007990B5 /* background.js */,
				CA3C9E4C1E000DF1007990B5 /* index.html */,
				CA741F7E1E01717B004EA723 /* index.js */,
				CA3C9E4D1E000DF1007990B5 /* manifest.json */,
				CA741F801E017182004EA723 /* index.css */,
			);
			path = "chrome-app";
			sourceTree = "<group>";
		};
		CA5DD4DA277EF2F000E50FF7 /* c++17 */ = {
			isa = PBXGroup;
			children = (
				CA5DD4DE277EF31D00E50FF7 /* main.cpp */,
				CA5DD4DD277EF31D00E50FF7 /* main.h */,
				CA5DD4DC277EF2F000E50FF7 /* run */,
			);
			path = "c++17";
			sourceTree = "<group>";
		};
		CA5EB3111DDF5B0000565FA2 /* torch */ = {
			isa = PBXGroup;
			children = (
				CA5EB3121DDF5B0000565FA2 /* index.css */,
				CA5EB3131DDF5B0000565FA2 /* index.html */,
				CA5EB3141DDF5B0000565FA2 /* index.js */,
			);
			path = torch;
			sourceTree = "<group>";
		};
		CA7BA6901DDCEA3C00719C36 /* quill-mini */ = {
			isa = PBXGroup;
			children = (
				CA7BA6911DDCEA3C00719C36 /* index.html */,
				CA7BA6921DDCEA3C00719C36 /* index.js */,
				CA7BA6951DDCEA3C00719C36 /* styles.css */,
			);
			path = "quill-mini";
			sourceTree = "<group>";
		};
		CA7BF1081E41E2F4008FF558 /* winsock */ = {
			isa = PBXGroup;
			children = (
				CA7BF1091E41E2F4008FF558 /* winsockclient */,
				CA7BF1131E41E2F4008FF558 /* winsockserver */,
			);
			path = winsock;
			sourceTree = "<group>";
		};
		CA7BF1091E41E2F4008FF558 /* winsockclient */ = {
			isa = PBXGroup;
			children = (
				CA7BF10A1E41E2F4008FF558 /* winsockclient */,
				CA7BF1121E41E2F4008FF558 /* winsockclient.sln */,
			);
			path = winsockclient;
			sourceTree = "<group>";
		};
		CA7BF10A1E41E2F4008FF558 /* winsockclient */ = {
			isa = PBXGroup;
			children = (
				CA7BF10B1E41E2F4008FF558 /* ReadMe.txt */,
				CA7BF10C1E41E2F4008FF558 /* stdafx.cpp */,
				CA7BF10D1E41E2F4008FF558 /* stdafx.h */,
				CA7BF10E1E41E2F4008FF558 /* targetver.h */,
				CA7BF10F1E41E2F4008FF558 /* winsockclient.cpp */,
				CA7BF1101E41E2F4008FF558 /* winsockclient.vcxproj */,
				CA7BF1111E41E2F4008FF558 /* winsockclient.vcxproj.filters */,
			);
			path = winsockclient;
			sourceTree = "<group>";
		};
		CA7BF1131E41E2F4008FF558 /* winsockserver */ = {
			isa = PBXGroup;
			children = (
				CA7BF1141E41E2F4008FF558 /* winsockserver */,
				CA7BF1181E41E2F4008FF558 /* winsockserver.sln */,
			);
			path = winsockserver;
			sourceTree = "<group>";
		};
		CA7BF1141E41E2F4008FF558 /* winsockserver */ = {
			isa = PBXGroup;
			children = (
				CA7BF1151E41E2F4008FF558 /* winsockserver.cpp */,
				CA7BF1161E41E2F4008FF558 /* winsockserver.vcxproj */,
				CA7BF1171E41E2F4008FF558 /* winsockserver.vcxproj.filters */,
			);
			path = winsockserver;
			sourceTree = "<group>";
		};
		CA98E2101DA8D14000F43F4B /* ipv6 */ = {
			isa = PBXGroup;
			children = (
				CA98E2111DA8D14000F43F4B /* client4.c */,
				CA98E2121DA8D14000F43F4B /* client6.c */,
				CA98E2131DA8D14000F43F4B /* Makefile */,
				CA98E2141DA8D14000F43F4B /* server4.c */,
				CA98E2151DA8D14000F43F4B /* server6.c */,
			);
			path = ipv6;
			sourceTree = "<group>";
		};
		CA98E2391DA8D14000F43F4B /* lzw */ = {
			isa = PBXGroup;
			children = (
				CA98E23A1DA8D14000F43F4B /* lzw.cpp */,
				CA98E23B1DA8D14000F43F4B /* lzw.h */,
				CA98E23C1DA8D14000F43F4B /* run */,
			);
			path = lzw;
			sourceTree = "<group>";
		};
		CA98E23D1DA8D16200F43F4B /* random */ = {
			isa = PBXGroup;
			children = (
				CA98E23E1DA8D16200F43F4B /* random */,
				CA98E23F1DA8D16200F43F4B /* random.cpp */,
			);
			path = random;
			sourceTree = "<group>";
		};
		CA98E2401DA8D16900F43F4B /* socket */ = {
			isa = PBXGroup;
			children = (
				CA98E2411DA8D16900F43F4B /* socket */,
				CA98E2421DA8D16900F43F4B /* socket.cpp */,
			);
			path = socket;
			sourceTree = "<group>";
		};
		CA98E2431DA8D17000F43F4B /* vfork */ = {
			isa = PBXGroup;
			children = (
				CAEE92021DA8EE1C00DB5A5A /* child.cpp */,
				CAEE92031DA8EE1C00DB5A5A /* parent.cpp */,
				CA98E2441DA8D17000F43F4B /* vfork */,
				CA98E2451DA8D17000F43F4B /* vfork1.cpp */,
			);
			path = vfork;
			sourceTree = "<group>";
		};
		CAB29AC01A4480CC00139BD7 = {
			isa = PBXGroup;
			children = (
				CA5DD4DA277EF2F000E50FF7 /* c++17 */,
				CA3C9E491E000DF1007990B5 /* chrome-app */,
				CA3792E11DF6FA5A008F8164 /* chrome-wakelock */,
				CA84FC412240074E00734EFE /* cobol */,
				CA23F7C51F9CC1770030A2AE /* curl-websocket */,
				CAF2844122676BD50052535E /* django */,
				CA0F615022342BA500BE6EEF /* fill-image */,
				CA6F20512621C4F5003A1F6D /* flask */,
				CA0F08D11E5DFE30008F91C3 /* flexbox */,
				CA386E991E7B1873006AE4BA /* git */,
				CA9F72C2206D4ECD00250182 /* gsl */,
				CA6E11BF266D3B8200C5CBBB /* haak-bible */,
				CA2971C122A0438900E373A4 /* intervalmap */,
				CA98E2101DA8D14000F43F4B /* ipv6 */,
				CAEF740722945DB900F16631 /* lambdas */,
				CA7D459E2631F95D003F2E12 /* libxml2 */,
				CA0B46F82023498A00966B19 /* linux */,
				CA98E2391DA8D14000F43F4B /* lzw */,
				CA6C24E62595E36D00505E9A /* macos */,
				CAE92415203B04F900D84B09 /* mbedtls */,
				CA76BE992019FA6A00B16C72 /* miniz */,
				CA3BCCB7231C146B00111FBE /* opencv */,
				CA374CB9226399D600D70B55 /* python */,
				CA830390229D85310025462E /* qt5 */,
				CABEE77B1DD5F653006D8D75 /* quill */,
				CA7BA6901DDCEA3C00719C36 /* quill-mini */,
				CA98E23D1DA8D16200F43F4B /* random */,
				CABEE77A1DD5F645006D8D75 /* README.md */,
				CA98E2401DA8D16900F43F4B /* socket */,
				CA3DD73520DA64A500CD428E /* sortable */,
				CA6C8CF72269F1200067F7BE /* stm32fo-discovery */,
				CAD6869F1E290470007CA7FC /* stylesheet */,
				CADBACAF25937907000527CA /* synflood */,
				CA5EB3111DDF5B0000565FA2 /* torch */,
				CA87D4EF27BBB66700B64CD8 /* udp */,
				CAB9F09A26B6C57A0058A461 /* usfm */,
				CA98E2431DA8D17000F43F4B /* vfork */,
				CA0E92A2220F1D92007A52C3 /* webkit2gtk */,
				CA53424D25B6115D008E452A /* websocket-client-1 */,
				CA7BF1081E41E2F4008FF558 /* winsock */,
			);
			indentWidth = 2;
			sourceTree = "<group>";
			tabWidth = 2;
		};
		CABEE77B1DD5F653006D8D75 /* quill */ = {
			isa = PBXGroup;
			children = (
				CABEE77C1DD5F653006D8D75 /* bubble.html */,
				CABEE7871DD60337006D8D75 /* classes.css */,
				CABEE7861DD5F9EE006D8D75 /* classes.html */,
				CABEE7881DD6052E006D8D75 /* classes.js */,
				CAE44BB91DE1D23C001F29D1 /* footnotes.css */,
				CAE44BBA1DE1D23C001F29D1 /* footnotes.html */,
				CAE44BBB1DE1D23C001F29D1 /* footnotes.js */,
				CABEE77D1DD5F653006D8D75 /* full.html */,
				CABEE77E1DD5F653006D8D75 /* quill.bubble.css */,
				CABEE7841DD5F653006D8D75 /* quill.snow.css */,
				CABEE7851DD5F653006D8D75 /* snow.html */,
			);
			path = quill;
			sourceTree = "<group>";
		};
		CAD6869F1E290470007CA7FC /* stylesheet */ = {
			isa = PBXGroup;
			children = (
				CAD686A01E290470007CA7FC /* index.html */,
				CAD686A11E290470007CA7FC /* index.js */,
				CAD686A41E290470007CA7FC /* styles.css */,
			);
			path = stylesheet;
			sourceTree = "<group>";
		};
/* End PBXGroup section */

/* Begin PBXLegacyTarget section */
		CAB29AC51A4480CC00139BD7 /* bibledit */ = {
			isa = PBXLegacyTarget;
			buildArgumentsString = "$(ACTION) --jobs=24";
			buildConfigurationList = CAB29AC81A4480CC00139BD7 /* Build configuration list for PBXLegacyTarget "bibledit" */;
			buildPhases = (
			);
			buildToolPath = /usr/bin/make;
			buildWorkingDirectory = /Users/teus/dev/bibledit/lib;
			dependencies = (
			);
			name = bibledit;
			passBuildSettingsInEnvironment = 1;
			productName = bibledit;
		};
/* End PBXLegacyTarget section */

/* Begin PBXProject section */
		CAB29AC11A4480CC00139BD7 /* Project object */ = {
			isa = PBXProject;
			attributes = {
				LastUpgradeCheck = 0800;
				ORGANIZATIONNAME = "Teus Benschop";
				TargetAttributes = {
					CAB29AC51A4480CC00139BD7 = {
						CreatedOnToolsVersion = 6.1.1;
					};
				};
			};
			buildConfigurationList = CAB29AC41A4480CC00139BD7 /* Build configuration list for PBXProject "laboratory" */;
			compatibilityVersion = "Xcode 3.2";
			developmentRegion = English;
			hasScannedForEncodings = 0;
			knownRegions = (
				English,
				en,
				Base,
			);
			mainGroup = CAB29AC01A4480CC00139BD7;
			projectDirPath = "";
			projectRoot = "";
			targets = (
				CAB29AC51A4480CC00139BD7 /* bibledit */,
			);
		};
/* End PBXProject section */

/* Begin XCBuildConfiguration section */
		CAB29AC61A4480CC00139BD7 /* Debug */ = {
			isa = XCBuildConfiguration;
			buildSettings = {
				ALWAYS_SEARCH_USER_PATHS = NO;
				CLANG_CXX_LANGUAGE_STANDARD = "gnu++0x";
				CLANG_CXX_LIBRARY = "libc++";
				CLANG_ENABLE_MODULES = YES;
				CLANG_ENABLE_OBJC_ARC = YES;
				CLANG_WARN_BOOL_CONVERSION = YES;
				CLANG_WARN_CONSTANT_CONVERSION = YES;
				CLANG_WARN_DIRECT_OBJC_ISA_USAGE = YES_ERROR;
				CLANG_WARN_EMPTY_BODY = YES;
				CLANG_WARN_ENUM_CONVERSION = YES;
				CLANG_WARN_INFINITE_RECURSION = YES;
				CLANG_WARN_INT_CONVERSION = YES;
				CLANG_WARN_OBJC_ROOT_CLASS = YES_ERROR;
				CLANG_WARN_SUSPICIOUS_MOVE = YES;
				CLANG_WARN_UNREACHABLE_CODE = YES;
				CLANG_WARN__DUPLICATE_METHOD_MATCH = YES;
				COPY_PHASE_STRIP = NO;
				ENABLE_STRICT_OBJC_MSGSEND = YES;
				ENABLE_TESTABILITY = YES;
				GCC_C_LANGUAGE_STANDARD = gnu99;
				GCC_DYNAMIC_NO_PIC = NO;
				GCC_NO_COMMON_BLOCKS = YES;
				GCC_OPTIMIZATION_LEVEL = 0;
				GCC_PREPROCESSOR_DEFINITIONS = (
					"DEBUG=1",
					"$(inherited)",
				);
				GCC_SYMBOLS_PRIVATE_EXTERN = NO;
				GCC_WARN_64_TO_32_BIT_CONVERSION = YES;
				GCC_WARN_ABOUT_RETURN_TYPE = YES_ERROR;
				GCC_WARN_UNDECLARED_SELECTOR = YES;
				GCC_WARN_UNINITIALIZED_AUTOS = YES_AGGRESSIVE;
				GCC_WARN_UNUSED_FUNCTION = YES;
				GCC_WARN_UNUSED_VARIABLE = YES;
				MACOSX_DEPLOYMENT_TARGET = 10.12;
				MTL_ENABLE_DEBUG_INFO = YES;
				ONLY_ACTIVE_ARCH = YES;
				SDKROOT = macosx;
			};
			name = Debug;
		};
		CAB29AC71A4480CC00139BD7 /* Release */ = {
			isa = XCBuildConfiguration;
			buildSettings = {
				ALWAYS_SEARCH_USER_PATHS = NO;
				CLANG_CXX_LANGUAGE_STANDARD = "gnu++0x";
				CLANG_CXX_LIBRARY = "libc++";
				CLANG_ENABLE_MODULES = YES;
				CLANG_ENABLE_OBJC_ARC = YES;
				CLANG_WARN_BOOL_CONVERSION = YES;
				CLANG_WARN_CONSTANT_CONVERSION = YES;
				CLANG_WARN_DIRECT_OBJC_ISA_USAGE = YES_ERROR;
				CLANG_WARN_EMPTY_BODY = YES;
				CLANG_WARN_ENUM_CONVERSION = YES;
				CLANG_WARN_INFINITE_RECURSION = YES;
				CLANG_WARN_INT_CONVERSION = YES;
				CLANG_WARN_OBJC_ROOT_CLASS = YES_ERROR;
				CLANG_WARN_SUSPICIOUS_MOVE = YES;
				CLANG_WARN_UNREACHABLE_CODE = YES;
				CLANG_WARN__DUPLICATE_METHOD_MATCH = YES;
				COPY_PHASE_STRIP = YES;
				DEBUG_INFORMATION_FORMAT = "dwarf-with-dsym";
				ENABLE_NS_ASSERTIONS = NO;
				ENABLE_STRICT_OBJC_MSGSEND = YES;
				GCC_C_LANGUAGE_STANDARD = gnu99;
				GCC_NO_COMMON_BLOCKS = YES;
				GCC_WARN_64_TO_32_BIT_CONVERSION = YES;
				GCC_WARN_ABOUT_RETURN_TYPE = YES_ERROR;
				GCC_WARN_UNDECLARED_SELECTOR = YES;
				GCC_WARN_UNINITIALIZED_AUTOS = YES_AGGRESSIVE;
				GCC_WARN_UNUSED_FUNCTION = YES;
				GCC_WARN_UNUSED_VARIABLE = YES;
				MACOSX_DEPLOYMENT_TARGET = 10.12;
				MTL_ENABLE_DEBUG_INFO = NO;
				SDKROOT = macosx;
			};
			name = Release;
		};
		CAB29AC91A4480CC00139BD7 /* Debug */ = {
			isa = XCBuildConfiguration;
			buildSettings = {
				DEBUGGING_SYMBOLS = YES;
				GCC_C_LANGUAGE_STANDARD = "c++11";
				GCC_GENERATE_DEBUGGING_SYMBOLS = YES;
				GCC_OPTIMIZATION_LEVEL = 0;
				OTHER_CFLAGS = "";
				OTHER_LDFLAGS = "";
				PRODUCT_NAME = "$(TARGET_NAME)";
			};
			name = Debug;
		};
		CAB29ACA1A4480CC00139BD7 /* Release */ = {
			isa = XCBuildConfiguration;
			buildSettings = {
				GCC_C_LANGUAGE_STANDARD = "c++11";
				OTHER_CFLAGS = "";
				OTHER_LDFLAGS = "";
				PRODUCT_NAME = "$(TARGET_NAME)";
			};
			name = Release;
		};
/* End XCBuildConfiguration section */

/* Begin XCConfigurationList section */
		CAB29AC41A4480CC00139BD7 /* Build configuration list for PBXProject "laboratory" */ = {
			isa = XCConfigurationList;
			buildConfigurations = (
				CAB29AC61A4480CC00139BD7 /* Debug */,
				CAB29AC71A4480CC00139BD7 /* Release */,
			);
			defaultConfigurationIsVisible = 0;
			defaultConfigurationName = Release;
		};
		CAB29AC81A4480CC00139BD7 /* Build configuration list for PBXLegacyTarget "bibledit" */ = {
			isa = XCConfigurationList;
			buildConfigurations = (
				CAB29AC91A4480CC00139BD7 /* Debug */,
				CAB29ACA1A4480CC00139BD7 /* Release */,
			);
			defaultConfigurationIsVisible = 0;
			defaultConfigurationName = Release;
		};
/* End XCConfigurationList section */
	};
	rootObject = CAB29AC11A4480CC00139BD7 /* Project object */;
}
