<?xml version="1.0" encoding="utf-8"?>
<Project ToolsVersion="4.0" xmlns="http://schemas.microsoft.com/developer/msbuild/2003">
  <ItemGroup>
    <Filter Include="Source Files">
      <UniqueIdentifier>{4FC737F1-C7A5-4376-A066-2A32D752A2FF}</UniqueIdentifier>
      <Extensions>cpp;c;cc;cxx;c++;cppm;ixx;def;odl;idl;hpj;bat;asm;asmx</Extensions>
    </Filter>
    <Filter Include="Header Files">
      <UniqueIdentifier>{93995380-89BD-4b04-88EB-625FBE52EBFB}</UniqueIdentifier>
      <Extensions>h;hh;hpp;hxx;h++;hm;inl;inc;ipp;xsd</Extensions>
    </Filter>
    <Filter Include="Resource Files">
      <UniqueIdentifier>{67DA6AB6-F800-4c08-8B7A-83BB121AAD01}</UniqueIdentifier>
      <Extensions>rc;ico;cur;bmp;dlg;rc2;rct;bin;rgs;gif;jpg;jpeg;jpe;resx;tiff;tif;png;wav;mfcribbon-ms</Extensions>
    </Filter>
  </ItemGroup>
  <ItemGroup>
    <ClCompile Include="mbedtls\aes.c">
      <Filter>Source Files</Filter>
    </ClCompile>
    <ClCompile Include="mbedtls\aesce.c">
      <Filter>Source Files</Filter>
    </ClCompile>
    <ClCompile Include="mbedtls\aesni.c">
      <Filter>Source Files</Filter>
    </ClCompile>
    <ClCompile Include="mbedtls\aria.c">
      <Filter>Source Files</Filter>
    </ClCompile>
    <ClCompile Include="mbedtls\asn1parse.c">
      <Filter>Source Files</Filter>
    </ClCompile>
    <ClCompile Include="mbedtls\asn1write.c">
      <Filter>Source Files</Filter>
    </ClCompile>
    <ClCompile Include="mbedtls\base64.c">
      <Filter>Source Files</Filter>
    </ClCompile>
    <ClCompile Include="mbedtls\bignum.c">
      <Filter>Source Files</Filter>
    </ClCompile>
    <ClCompile Include="mbedtls\bignum_core.c">
      <Filter>Source Files</Filter>
    </ClCompile>
    <ClCompile Include="mbedtls\bignum_mod.c">
      <Filter>Source Files</Filter>
    </ClCompile>
    <ClCompile Include="mbedtls\bignum_mod_raw.c">
      <Filter>Source Files</Filter>
    </ClCompile>
    <ClCompile Include="mbedtls\block_cipher.c">
      <Filter>Source Files</Filter>
    </ClCompile>
    <ClCompile Include="mbedtls\camellia.c">
      <Filter>Source Files</Filter>
    </ClCompile>
    <ClCompile Include="mbedtls\ccm.c">
      <Filter>Source Files</Filter>
    </ClCompile>
    <ClCompile Include="mbedtls\chacha20.c">
      <Filter>Source Files</Filter>
    </ClCompile>
    <ClCompile Include="mbedtls\chachapoly.c">
      <Filter>Source Files</Filter>
    </ClCompile>
    <ClCompile Include="mbedtls\cipher.c">
      <Filter>Source Files</Filter>
    </ClCompile>
    <ClCompile Include="mbedtls\cipher_wrap.c">
      <Filter>Source Files</Filter>
    </ClCompile>
    <ClCompile Include="mbedtls\cmac.c">
      <Filter>Source Files</Filter>
    </ClCompile>
    <ClCompile Include="mbedtls\constant_time.c">
      <Filter>Source Files</Filter>
    </ClCompile>
    <ClCompile Include="mbedtls\ctr_drbg.c">
      <Filter>Source Files</Filter>
    </ClCompile>
    <ClCompile Include="mbedtls\debug.c">
      <Filter>Source Files</Filter>
    </ClCompile>
    <ClCompile Include="mbedtls\des.c">
      <Filter>Source Files</Filter>
    </ClCompile>
    <ClCompile Include="mbedtls\dhm.c">
      <Filter>Source Files</Filter>
    </ClCompile>
    <ClCompile Include="mbedtls\ecdh.c">
      <Filter>Source Files</Filter>
    </ClCompile>
    <ClCompile Include="mbedtls\ecdsa.c">
      <Filter>Source Files</Filter>
    </ClCompile>
    <ClCompile Include="mbedtls\ecjpake.c">
      <Filter>Source Files</Filter>
    </ClCompile>
    <ClCompile Include="mbedtls\ecp.c">
      <Filter>Source Files</Filter>
    </ClCompile>
    <ClCompile Include="mbedtls\ecp_curves.c">
      <Filter>Source Files</Filter>
    </ClCompile>
    <ClCompile Include="mbedtls\ecp_curves_new.c">
      <Filter>Source Files</Filter>
    </ClCompile>
    <ClCompile Include="mbedtls\entropy.c">
      <Filter>Source Files</Filter>
    </ClCompile>
    <ClCompile Include="mbedtls\entropy_poll.c">
      <Filter>Source Files</Filter>
    </ClCompile>
    <ClCompile Include="mbedtls\error.c">
      <Filter>Source Files</Filter>
    </ClCompile>
    <ClCompile Include="mbedtls\gcm.c">
      <Filter>Source Files</Filter>
    </ClCompile>
    <ClCompile Include="mbedtls\hkdf.c">
      <Filter>Source Files</Filter>
    </ClCompile>
    <ClCompile Include="mbedtls\hmac_drbg.c">
      <Filter>Source Files</Filter>
    </ClCompile>
    <ClCompile Include="mbedtls\lmots.c">
      <Filter>Source Files</Filter>
    </ClCompile>
    <ClCompile Include="mbedtls\lms.c">
      <Filter>Source Files</Filter>
    </ClCompile>
    <ClCompile Include="mbedtls\md.c">
      <Filter>Source Files</Filter>
    </ClCompile>
    <ClCompile Include="mbedtls\md5.c">
      <Filter>Source Files</Filter>
    </ClCompile>
    <ClCompile Include="mbedtls\memory_buffer_alloc.c">
      <Filter>Source Files</Filter>
    </ClCompile>
    <ClCompile Include="mbedtls\mps_reader.c">
      <Filter>Source Files</Filter>
    </ClCompile>
    <ClCompile Include="mbedtls\mps_trace.c">
      <Filter>Source Files</Filter>
    </ClCompile>
    <ClCompile Include="mbedtls\net_sockets.c">
      <Filter>Source Files</Filter>
    </ClCompile>
    <ClCompile Include="mbedtls\nist_kw.c">
      <Filter>Source Files</Filter>
    </ClCompile>
    <ClCompile Include="mbedtls\oid.c">
      <Filter>Source Files</Filter>
    </ClCompile>
    <ClCompile Include="mbedtls\padlock.c">
      <Filter>Source Files</Filter>
    </ClCompile>
    <ClCompile Include="mbedtls\pem.c">
      <Filter>Source Files</Filter>
    </ClCompile>
    <ClCompile Include="mbedtls\pk.c">
      <Filter>Source Files</Filter>
    </ClCompile>
    <ClCompile Include="mbedtls\pk_ecc.c">
      <Filter>Source Files</Filter>
    </ClCompile>
    <ClCompile Include="mbedtls\pk_wrap.c">
      <Filter>Source Files</Filter>
    </ClCompile>
    <ClCompile Include="mbedtls\pkcs5.c">
      <Filter>Source Files</Filter>
    </ClCompile>
    <ClCompile Include="mbedtls\pkcs7.c">
      <Filter>Source Files</Filter>
    </ClCompile>
    <ClCompile Include="mbedtls\pkcs12.c">
      <Filter>Source Files</Filter>
    </ClCompile>
    <ClCompile Include="mbedtls\pkparse.c">
      <Filter>Source Files</Filter>
    </ClCompile>
    <ClCompile Include="mbedtls\pkwrite.c">
      <Filter>Source Files</Filter>
    </ClCompile>
    <ClCompile Include="mbedtls\platform.c">
      <Filter>Source Files</Filter>
    </ClCompile>
    <ClCompile Include="mbedtls\platform_util.c">
      <Filter>Source Files</Filter>
    </ClCompile>
    <ClCompile Include="mbedtls\poly1305.c">
      <Filter>Source Files</Filter>
    </ClCompile>
    <ClCompile Include="mbedtls\psa_crypto.c">
      <Filter>Source Files</Filter>
    </ClCompile>
    <ClCompile Include="mbedtls\psa_crypto_aead.c">
      <Filter>Source Files</Filter>
    </ClCompile>
    <ClCompile Include="mbedtls\psa_crypto_cipher.c">
      <Filter>Source Files</Filter>
    </ClCompile>
    <ClCompile Include="mbedtls\psa_crypto_client.c">
      <Filter>Source Files</Filter>
    </ClCompile>
    <ClCompile Include="mbedtls\psa_crypto_driver_wrappers_no_static.c">
      <Filter>Source Files</Filter>
    </ClCompile>
    <ClCompile Include="mbedtls\psa_crypto_ecp.c">
      <Filter>Source Files</Filter>
    </ClCompile>
    <ClCompile Include="mbedtls\psa_crypto_ffdh.c">
      <Filter>Source Files</Filter>
    </ClCompile>
    <ClCompile Include="mbedtls\psa_crypto_hash.c">
      <Filter>Source Files</Filter>
    </ClCompile>
    <ClCompile Include="mbedtls\psa_crypto_mac.c">
      <Filter>Source Files</Filter>
    </ClCompile>
    <ClCompile Include="mbedtls\psa_crypto_pake.c">
      <Filter>Source Files</Filter>
    </ClCompile>
    <ClCompile Include="mbedtls\psa_crypto_rsa.c">
      <Filter>Source Files</Filter>
    </ClCompile>
    <ClCompile Include="mbedtls\psa_crypto_se.c">
      <Filter>Source Files</Filter>
    </ClCompile>
    <ClCompile Include="mbedtls\psa_crypto_slot_management.c">
      <Filter>Source Files</Filter>
    </ClCompile>
    <ClCompile Include="mbedtls\psa_crypto_storage.c">
      <Filter>Source Files</Filter>
    </ClCompile>
    <ClCompile Include="mbedtls\psa_its_file.c">
      <Filter>Source Files</Filter>
    </ClCompile>
    <ClCompile Include="mbedtls\psa_util.c">
      <Filter>Source Files</Filter>
    </ClCompile>
    <ClCompile Include="mbedtls\ripemd160.c">
      <Filter>Source Files</Filter>
    </ClCompile>
    <ClCompile Include="mbedtls\rsa.c">
      <Filter>Source Files</Filter>
    </ClCompile>
    <ClCompile Include="mbedtls\rsa_alt_helpers.c">
      <Filter>Source Files</Filter>
    </ClCompile>
    <ClCompile Include="mbedtls\sha1.c">
      <Filter>Source Files</Filter>
    </ClCompile>
    <ClCompile Include="mbedtls\sha3.c">
      <Filter>Source Files</Filter>
    </ClCompile>
    <ClCompile Include="mbedtls\sha256.c">
      <Filter>Source Files</Filter>
    </ClCompile>
    <ClCompile Include="mbedtls\sha512.c">
      <Filter>Source Files</Filter>
    </ClCompile>
    <ClCompile Include="mbedtls\ssl_cache.c">
      <Filter>Source Files</Filter>
    </ClCompile>
    <ClCompile Include="mbedtls\ssl_ciphersuites.c">
      <Filter>Source Files</Filter>
    </ClCompile>
    <ClCompile Include="mbedtls\ssl_client.c">
      <Filter>Source Files</Filter>
    </ClCompile>
    <ClCompile Include="mbedtls\ssl_cookie.c">
      <Filter>Source Files</Filter>
    </ClCompile>
    <ClCompile Include="mbedtls\ssl_debug_helpers_generated.c">
      <Filter>Source Files</Filter>
    </ClCompile>
    <ClCompile Include="mbedtls\ssl_msg.c">
      <Filter>Source Files</Filter>
    </ClCompile>
    <ClCompile Include="mbedtls\ssl_ticket.c">
      <Filter>Source Files</Filter>
    </ClCompile>
    <ClCompile Include="mbedtls\ssl_tls.c">
      <Filter>Source Files</Filter>
    </ClCompile>
    <ClCompile Include="mbedtls\ssl_tls12_client.c">
      <Filter>Source Files</Filter>
    </ClCompile>
    <ClCompile Include="mbedtls\ssl_tls12_server.c">
      <Filter>Source Files</Filter>
    </ClCompile>
    <ClCompile Include="mbedtls\ssl_tls13_client.c">
      <Filter>Source Files</Filter>
    </ClCompile>
    <ClCompile Include="mbedtls\ssl_tls13_generic.c">
      <Filter>Source Files</Filter>
    </ClCompile>
    <ClCompile Include="mbedtls\ssl_tls13_keys.c">
      <Filter>Source Files</Filter>
    </ClCompile>
    <ClCompile Include="mbedtls\ssl_tls13_server.c">
      <Filter>Source Files</Filter>
    </ClCompile>
    <ClCompile Include="mbedtls\threading.c">
      <Filter>Source Files</Filter>
    </ClCompile>
    <ClCompile Include="mbedtls\timing.c">
      <Filter>Source Files</Filter>
    </ClCompile>
    <ClCompile Include="mbedtls\version.c">
      <Filter>Source Files</Filter>
    </ClCompile>
    <ClCompile Include="mbedtls\version_features.c">
      <Filter>Source Files</Filter>
    </ClCompile>
    <ClCompile Include="mbedtls\x509.c">
      <Filter>Source Files</Filter>
    </ClCompile>
    <ClCompile Include="mbedtls\x509_create.c">
      <Filter>Source Files</Filter>
    </ClCompile>
    <ClCompile Include="mbedtls\x509_crl.c">
      <Filter>Source Files</Filter>
    </ClCompile>
    <ClCompile Include="mbedtls\x509_crt.c">
      <Filter>Source Files</Filter>
    </ClCompile>
    <ClCompile Include="mbedtls\x509_csr.c">
      <Filter>Source Files</Filter>
    </ClCompile>
    <ClCompile Include="mbedtls\x509write.c">
      <Filter>Source Files</Filter>
    </ClCompile>
    <ClCompile Include="mbedtls\x509write_crt.c">
      <Filter>Source Files</Filter>
    </ClCompile>
    <ClCompile Include="mbedtls\x509write_csr.c">
      <Filter>Source Files</Filter>
    </ClCompile>
    <ClCompile Include="client.cpp">
      <Filter>Source Files</Filter>
    </ClCompile>
  </ItemGroup>
</Project>